
Microsoft Visual Studio Solution File, Format Version 12.00
# Visual Studio Version 17
VisualStudioVersion = 17.10.35004.147
MinimumVisualStudioVersion = 10.0.40219.1
Project("{FAE04EC0-301F-11D3-BF4B-00C04F79EFBC}") = "Talabat.APIS", "Talabat.APIS\Talabat.APIS.csproj", "{1B2D3247-2A79-4954-B3F9-987EFAA9BF7C}"
EndProject
Project("{FAE04EC0-301F-11D3-BF4B-00C04F79EFBC}") = "Talabat.Core", "Talabat.Core\Talabat.Core.csproj", "{97EA06E2-AE7F-4BC9-B4EF-B999F59D9F88}"
EndProject
Project("{FAE04EC0-301F-11D3-BF4B-00C04F79EFBC}") = "Talabat.Repository", "Talabat.Repository\Talabat.Repository.csproj", "{178D2F10-FC6B-44E3-A036-BD52FC2E952B}"
EndProject
Project("{FAE04EC0-301F-11D3-BF4B-00C04F79EFBC}") = "Talabat.Service", "Talabat.Service\Talabat.Service.csproj", "{DB1D666E-6363-452B-8F85-A6D995A0646B}"
EndProject
Global
	GlobalSection(SolutionConfigurationPlatforms) = preSolution
		Debug|Any CPU = Debug|Any CPU
		Release|Any CPU = Release|Any CPU
	EndGlobalSection
	GlobalSection(ProjectConfigurationPlatforms) = postSolution
		{1B2D3247-2A79-4954-B3F9-987EFAA9BF7C}.Debug|Any CPU.ActiveCfg = Debug|Any CPU
		{1B2D3247-2A79-4954-B3F9-987EFAA9BF7C}.Debug|Any CPU.Build.0 = Debug|Any CPU
		{1B2D3247-2A79-4954-B3F9-987EFAA9BF7C}.Release|Any CPU.ActiveCfg = Release|Any CPU
		{1B2D3247-2A79-4954-B3F9-987EFAA9BF7C}.Release|Any CPU.Build.0 = Release|Any CPU
		{97EA06E2-AE7F-4BC9-B4EF-B999F59D9F88}.Debug|Any CPU.ActiveCfg = Debug|Any CPU
		{97EA06E2-AE7F-4BC9-B4EF-B999F59D9F88}.Debug|Any CPU.Build.0 = Debug|Any CPU
		{97EA06E2-AE7F-4BC9-B4EF-B999F59D9F88}.Release|Any CPU.ActiveCfg = Release|Any CPU
		{97EA06E2-AE7F-4BC9-B4EF-B999F59D9F88}.Release|Any CPU.Build.0 = Release|Any CPU
		{178D2F10-FC6B-44E3-A036-BD52FC2E952B}.Debug|Any CPU.ActiveCfg = Debug|Any CPU
		{178D2F10-FC6B-44E3-A036-BD52FC2E952B}.Debug|Any CPU.Build.0 = Debug|Any CPU
		{178D2F10-FC6B-44E3-A036-BD52FC2E952B}.Release|Any CPU.ActiveCfg = Release|Any CPU
		{178D2F10-FC6B-44E3-A036-BD52FC2E952B}.Release|Any CPU.Build.0 = Release|Any CPU
		{DB1D666E-6363-452B-8F85-A6D995A0646B}.Debug|Any CPU.ActiveCfg = Debug|Any CPU
		{DB1D666E-6363-452B-8F85-A6D995A0646B}.Debug|Any CPU.Build.0 = Debug|Any CPU
		{DB1D666E-6363-452B-8F85-A6D995A0646B}.Release|Any CPU.ActiveCfg = Release|Any CPU
		{DB1D666E-6363-452B-8F85-A6D995A0646B}.Release|Any CPU.Build.0 = Release|Any CPU
	EndGlobalSection
	GlobalSection(SolutionProperties) = preSolution
		HideSolutionNode = FALSE
	EndGlobalSection
	GlobalSection(ExtensibilityGlobals) = postSolution
		SolutionGuid = {1711AF0F-49BF-46A7-A051-7D05E8CB19D7}
	EndGlobalSection
EndGlobal
